
Microsoft Visual Studio Solution File, Format Version 12.00
# Visual Studio Version 16
VisualStudioVersion = 16.0.29613.14
MinimumVisualStudioVersion = 10.0.40219.1
Project("{FAE04EC0-301F-11D3-BF4B-00C04F79EFBC}") = "Detrecere", "Detrecere\Detrecere.csproj", "{D8D7DB62-0C9D-40BC-9EA3-9CDEA77A050C}"
EndProject
Global
	GlobalSection(SolutionConfigurationPlatforms) = preSolution
		Debug|Any CPU = Debug|Any CPU
		Release|Any CPU = Release|Any CPU
	EndGlobalSection
	GlobalSection(ProjectConfigurationPlatforms) = postSolution
		{D8D7DB62-0C9D-40BC-9EA3-9CDEA77A050C}.Debug|Any CPU.ActiveCfg = Debug|Any CPU
		{D8D7DB62-0C9D-40BC-9EA3-9CDEA77A050C}.Debug|Any CPU.Build.0 = Debug|Any CPU
		{D8D7DB62-0C9D-40BC-9EA3-9CDEA77A050C}.Release|Any CPU.ActiveCfg = Release|Any CPU
		{D8D7DB62-0C9D-40BC-9EA3-9CDEA77A050C}.Release|Any CPU.Build.0 = Release|Any CPU
	EndGlobalSection
	GlobalSection(SolutionProperties) = preSolution
		HideSolutionNode = FALSE
	EndGlobalSection
	GlobalSection(ExtensibilityGlobals) = postSolution
		SolutionGuid = {F5DD98B2-4D39-4C71-9435-54C8064A3C88}
	EndGlobalSection
EndGlobal
